
Microsoft Visual Studio Solution File, Format Version 12.00
# Visual Studio Version 17
VisualStudioVersion = 17.5.33516.290
MinimumVisualStudioVersion = 10.0.40219.1
Project("{9A19103F-16F7-4668-BE54-9A1E7A4F7556}") = "UniversityApiBackend", "UniversityApiBackend\UniversityApiBackend.csproj", "{DE06B901-2F82-40CF-A4CF-7EE2E7704084}"
EndProject
Project("{FAE04EC0-301F-11D3-BF4B-00C04F79EFBC}") = "LinqSnippets", "LinqSnippets\LinqSnippets.csproj", "{8CF75EF5-3CFB-4640-BAAF-2CF3A69238C9}"
EndProject
Global
	GlobalSection(SolutionConfigurationPlatforms) = preSolution
		Debug|Any CPU = Debug|Any CPU
		Release|Any CPU = Release|Any CPU
	EndGlobalSection
	GlobalSection(ProjectConfigurationPlatforms) = postSolution
		{DE06B901-2F82-40CF-A4CF-7EE2E7704084}.Debug|Any CPU.ActiveCfg = Debug|Any CPU
		{DE06B901-2F82-40CF-A4CF-7EE2E7704084}.Debug|Any CPU.Build.0 = Debug|Any CPU
		{DE06B901-2F82-40CF-A4CF-7EE2E7704084}.Release|Any CPU.ActiveCfg = Release|Any CPU
		{DE06B901-2F82-40CF-A4CF-7EE2E7704084}.Release|Any CPU.Build.0 = Release|Any CPU
		{8CF75EF5-3CFB-4640-BAAF-2CF3A69238C9}.Debug|Any CPU.ActiveCfg = Debug|Any CPU
		{8CF75EF5-3CFB-4640-BAAF-2CF3A69238C9}.Debug|Any CPU.Build.0 = Debug|Any CPU
		{8CF75EF5-3CFB-4640-BAAF-2CF3A69238C9}.Release|Any CPU.ActiveCfg = Release|Any CPU
		{8CF75EF5-3CFB-4640-BAAF-2CF3A69238C9}.Release|Any CPU.Build.0 = Release|Any CPU
	EndGlobalSection
	GlobalSection(SolutionProperties) = preSolution
		HideSolutionNode = FALSE
	EndGlobalSection
	GlobalSection(ExtensibilityGlobals) = postSolution
		SolutionGuid = {383E88E0-8246-4A3F-BABA-FE34BAD2260F}
	EndGlobalSection
EndGlobal
